
Microsoft Visual Studio Solution File, Format Version 12.00
# Visual Studio 15
VisualStudioVersion = 15.0.27703.2000
MinimumVisualStudioVersion = 10.0.40219.1
Project("{FAE04EC0-301F-11D3-BF4B-00C04F79EFBC}") = "SDLog", "SDLog\SDLog.csproj", "{FC99675A-78AB-4DF7-B680-D82D77DD9A97}"
EndProject
Project("{FAE04EC0-301F-11D3-BF4B-00C04F79EFBC}") = "SDLog.Test", "SDLog.Test\SDLog.Test.csproj", "{8E93DA39-4767-4917-8578-9659E3DB818D}"
EndProject
Global
	GlobalSection(SolutionConfigurationPlatforms) = preSolution
		Debug|Any CPU = Debug|Any CPU
		Release|Any CPU = Release|Any CPU
	EndGlobalSection
	GlobalSection(ProjectConfigurationPlatforms) = postSolution
		{FC99675A-78AB-4DF7-B680-D82D77DD9A97}.Debug|Any CPU.ActiveCfg = Debug|Any CPU
		{FC99675A-78AB-4DF7-B680-D82D77DD9A97}.Debug|Any CPU.Build.0 = Debug|Any CPU
		{FC99675A-78AB-4DF7-B680-D82D77DD9A97}.Release|Any CPU.ActiveCfg = Release|Any CPU
		{FC99675A-78AB-4DF7-B680-D82D77DD9A97}.Release|Any CPU.Build.0 = Release|Any CPU
		{8E93DA39-4767-4917-8578-9659E3DB818D}.Debug|Any CPU.ActiveCfg = Debug|Any CPU
		{8E93DA39-4767-4917-8578-9659E3DB818D}.Debug|Any CPU.Build.0 = Debug|Any CPU
		{8E93DA39-4767-4917-8578-9659E3DB818D}.Release|Any CPU.ActiveCfg = Release|Any CPU
		{8E93DA39-4767-4917-8578-9659E3DB818D}.Release|Any CPU.Build.0 = Release|Any CPU
	EndGlobalSection
	GlobalSection(SolutionProperties) = preSolution
		HideSolutionNode = FALSE
	EndGlobalSection
	GlobalSection(ExtensibilityGlobals) = postSolution
		SolutionGuid = {B5BBEEE4-12E2-4636-8577-F896423E23FD}
	EndGlobalSection
EndGlobal
